// !$*UTF8*$!
{
	archiveVersion = 1;
	classes = {
	};
	objectVersion = 56;
	objects = {

/* Begin PBXBuildFile section */
		ShoeStoreApp.swift in Sources = {isa = PBXBuildFile; };
		ContentView.swift in Sources = {isa = PBXBuildFile; };
		ProductListView.swift in Sources = {isa = PBXBuildFile; };
		ProductDetailView.swift in Sources = {isa = PBXBuildFile; };
		CartView.swift in Sources = {isa = PBXBuildFile; };
		CheckoutView.swift in Sources = {isa = PBXBuildFile; };
		Shoe.swift in Sources = {isa = PBXBuildFile; };
		CartItem.swift in Sources = {isa = PBXBuildFile; };
		ShoeStoreViewModel.swift in Sources = {isa = PBXBuildFile; };
		FraudDetectionService.swift in Sources = {isa = PBXBuildFile; };
		Assets.xcassets in Resources = {isa = PBXBuildFile; };
/* End PBXBuildFile section */

/* Begin PBXFileReference section */
		ShoeStoreApp.app = {isa = PBXFileReference; explicitFileType = wrapper.application; includeInIndex = 0; path = ShoeStoreApp.app; sourceTree = BUILT_PRODUCTS_DIR; };
/* End PBXFileReference section */

/* Begin PBXFrameworksBuildPhase section */
		Frameworks = {
			isa = PBXFrameworksBuildPhase;
			buildActionMask = 2147483647;
			files = (
			);
			runOnlyForDeploymentPostprocessing = 0;
		};
/* End PBXFrameworksBuildPhase section */

/* Begin PBXGroup section */
		MainGroup = {
			isa = PBXGroup;
			children = (
				ShoeStoreApp,
			);
			sourceTree = "<group>";
		};
		ShoeStoreApp = {
			isa = PBXGroup;
			children = (
				Models,
				Views,
				ViewModels,
				Services,
			);
			path = ShoeStoreApp;
			sourceTree = "<group>";
		};
		Models = {
			isa = PBXGroup;
			children = (
			);
			path = Models;
			sourceTree = "<group>";
		};
		Views = {
			isa = PBXGroup;
			children = (
			);
			path = Views;
			sourceTree = "<group>";
		};
		ViewModels = {
			isa = PBXGroup;
			children = (
			);
			path = ViewModels;
			sourceTree = "<group>";
		};
		Services = {
			isa = PBXGroup;
			children = (
			);
			path = Services;
			sourceTree = "<group>";
		};
/* End PBXGroup section */

/* Begin PBXNativeTarget section */
		ShoeStoreApp = {
			isa = PBXNativeTarget;
			buildConfigurationList = BuildConfigurationList;
			buildPhases = (
				Sources,
				Frameworks,
				Resources,
			);
			buildRules = (
			);
			dependencies = (
			);
			name = ShoeStoreApp;
			productName = ShoeStoreApp;
			productReference = ShoeStoreApp.app;
			productType = "com.apple.product-type.application";
		};
/* End PBXNativeTarget section */

/* Begin PBXProject section */
		Project = {
			isa = PBXProject;
			attributes = {
				BuildIndependentTargetsInParallel = 1;
				LastSwiftUpdateCheck = 1500;
				LastUpgradeCheck = 1500;
			};
			buildConfigurationList = ProjectBuildConfigurationList;
			compatibilityVersion = "Xcode 14.0";
			developmentRegion = en;
			hasScannedForEncodings = 0;
			knownRegions = (
				en,
			);
			mainGroup = MainGroup;
			productRefGroup = Products;
			projectDirPath = "";
			projectRoot = "";
			targets = (
				ShoeStoreApp,
			);
		};
/* End PBXProject section */

/* Begin PBXResourcesBuildPhase section */
		Resources = {
			isa = PBXResourcesBuildPhase;
			buildActionMask = 2147483647;
			files = (
				Assets.xcassets in Resources,
			);
			runOnlyForDeploymentPostprocessing = 0;
		};
/* End PBXResourcesBuildPhase section */

/* Begin PBXSourcesBuildPhase section */
		Sources = {
			isa = PBXSourcesBuildPhase;
			buildActionMask = 2147483647;
			files = (
				ShoeStoreApp.swift in Sources,
				ContentView.swift in Sources,
				ProductListView.swift in Sources,
				ProductDetailView.swift in Sources,
				CartView.swift in Sources,
				CheckoutView.swift in Sources,
				Shoe.swift in Sources,
				CartItem.swift in Sources,
				ShoeStoreViewModel.swift in Sources,
				FraudDetectionService.swift in Sources,
			);
			runOnlyForDeploymentPostprocessing = 0;
		};
/* End PBXSourcesBuildPhase section */

/* Begin XCBuildConfiguration section */
		Debug = {
			isa = XCBuildConfiguration;
			buildSettings = {
				ASSETCATALOG_COMPILER_APPICON_NAME = AppIcon;
				CODE_SIGN_STYLE = Automatic;
				CURRENT_PROJECT_VERSION = 1;
				DEVELOPMENT_TEAM = "";
				INFOPLIST_KEY_UIApplicationSceneManifest_Generation = YES;
				INFOPLIST_KEY_UIApplicationSupportsIndirectInputEvents = YES;
				INFOPLIST_KEY_UILaunchScreen_Generation = YES;
				INFOPLIST_KEY_UISupportedInterfaceOrientations = "UIInterfaceOrientationPortrait";
				INFOPLIST_KEY_UISupportedInterfaceOrientations_iPad = "UIInterfaceOrientationPortrait UIInterfaceOrientationPortraitUpsideDown UIInterfaceOrientationLandscapeLeft UIInterfaceOrientationLandscapeRight";
				IPHONEOS_DEPLOYMENT_TARGET = 15.0;
				LD_RUNPATH_SEARCH_PATHS = (
					"$(inherited)",
					"@executable_path/Frameworks",
				);
				MARKETING_VERSION = 1.0;
				PRODUCT_BUNDLE_IDENTIFIER = com.maxmind.ShoeStoreApp;
				PRODUCT_NAME = "$(TARGET_NAME)";
				SWIFT_EMIT_LOC_STRINGS = YES;
				SWIFT_VERSION = 5.0;
				TARGETED_DEVICE_FAMILY = "1,2";
			};
			name = Debug;
		};
		Release = {
			isa = XCBuildConfiguration;
			buildSettings = {
				ASSETCATALOG_COMPILER_APPICON_NAME = AppIcon;
				CODE_SIGN_STYLE = Automatic;
				CURRENT_PROJECT_VERSION = 1;
				DEVELOPMENT_TEAM = "";
				INFOPLIST_KEY_UIApplicationSceneManifest_Generation = YES;
				INFOPLIST_KEY_UIApplicationSupportsIndirectInputEvents = YES;
				INFOPLIST_KEY_UILaunchScreen_Generation = YES;
				INFOPLIST_KEY_UISupportedInterfaceOrientations = "UIInterfaceOrientationPortrait";
				INFOPLIST_KEY_UISupportedInterfaceOrientations_iPad = "UIInterfaceOrientationPortrait UIInterfaceOrientationPortraitUpsideDown UIInterfaceOrientationLandscapeLeft UIInterfaceOrientationLandscapeRight";
				IPHONEOS_DEPLOYMENT_TARGET = 15.0;
				LD_RUNPATH_SEARCH_PATHS = (
					"$(inherited)",
					"@executable_path/Frameworks",
				);
				MARKETING_VERSION = 1.0;
				PRODUCT_BUNDLE_IDENTIFIER = com.maxmind.ShoeStoreApp;
				PRODUCT_NAME = "$(TARGET_NAME)";
				SWIFT_EMIT_LOC_STRINGS = YES;
				SWIFT_VERSION = 5.0;
				TARGETED_DEVICE_FAMILY = "1,2";
			};
			name = Release;
		};
/* End XCBuildConfiguration section */

	};
	rootObject = Project;
}
